
Microsoft Visual Studio Solution File, Format Version 12.00
# Visual Studio Version 16
VisualStudioVersion = 16.0.31321.278
MinimumVisualStudioVersion = 10.0.40219.1
Project("{FAE04EC0-301F-11D3-BF4B-00C04F79EFBC}") = "EmpWageProblems", "EmpWageProblems\EmpWageProblems.csproj", "{A374106D-41C8-4367-B509-D2429B25613F}"
EndProject
Global
	GlobalSection(SolutionConfigurationPlatforms) = preSolution
		Debug|Any CPU = Debug|Any CPU
		Release|Any CPU = Release|Any CPU
	EndGlobalSection
	GlobalSection(ProjectConfigurationPlatforms) = postSolution
		{A374106D-41C8-4367-B509-D2429B25613F}.Debug|Any CPU.ActiveCfg = Debug|Any CPU
		{A374106D-41C8-4367-B509-D2429B25613F}.Debug|Any CPU.Build.0 = Debug|Any CPU
		{A374106D-41C8-4367-B509-D2429B25613F}.Release|Any CPU.ActiveCfg = Release|Any CPU
		{A374106D-41C8-4367-B509-D2429B25613F}.Release|Any CPU.Build.0 = Release|Any CPU
	EndGlobalSection
	GlobalSection(SolutionProperties) = preSolution
		HideSolutionNode = FALSE
	EndGlobalSection
	GlobalSection(ExtensibilityGlobals) = postSolution
		SolutionGuid = {DC10CDB2-196E-4A7B-82B5-057785BB1F7A}
	EndGlobalSection
EndGlobal
